{
  "name": "sandbox-lambda",
  "version": "1.0.0",
  "lockfileVersion": 2,
  "requires": true,
  "packages": {
    "": {
      "version": "1.0.0",
      "license": "ISC",
      "dependencies": {
        "@middy/core": "^2.4.3",
        "@middy/http-error-handler": "^2.4.3",
        "@middy/http-json-body-parser": "^2.4.3",
        "http-errors": "^1.8.0",
        "midtrans-client": "^1.2.4"
      },
      "devDependencies": {
        "node-fetch": "^2.6.1"
      }
    },
    "node_modules/@middy/core": {
      "version": "2.4.3",
      "resolved": "https://registry.npmjs.org/@middy/core/-/core-2.4.3.tgz",
      "integrity": "sha512-RrFtUdTz4wslGykSObLXzY1yL8ZBD/joZ0TTMVet2y19L1enIqfXABp0bv+LcbGP1NJNw8a9tXSAXk8ZNBoOwQ==",
      "engines": {
        "node": ">=12"
      }
    },
    "node_modules/@middy/http-error-handler": {
      "version": "2.4.3",
      "resolved": "https://registry.npmjs.org/@middy/http-error-handler/-/http-error-handler-2.4.3.tgz",
      "integrity": "sha512-0MDHBjsuT8oL/pC69HxrOwCl9xazrjG08L5GQFKJL5ly2xnLMV/FnLcCyYRsA2jNHFhx/CGyA9IfiIIyCEihDA==",
      "dependencies": {
        "@middy/util": "^2.4.3"
      },
      "engines": {
        "node": ">=12"
      }
    },
    "node_modules/@middy/http-json-body-parser": {
      "version": "2.4.3",
      "resolved": "https://registry.npmjs.org/@middy/http-json-body-parser/-/http-json-body-parser-2.4.3.tgz",
      "integrity": "sha512-iqs5rXF2n/Y27H2h7FzPHJ0RzSvKiLu7mxR5VbMyDyDSMvSA73CpTk0ndfRvGBYjjfp+ZEaZeJWQi6ngj5Cmew==",
      "dependencies": {
        "@middy/util": "^2.4.3"
      },
      "engines": {
        "node": ">=12"
      }
    },
    "node_modules/@middy/util": {
      "version": "2.4.3",
      "resolved": "https://registry.npmjs.org/@middy/util/-/util-2.4.3.tgz",
      "integrity": "sha512-OcKR73b9fZBWnE8XTTH7DkyPiyVu8oX+Sjr6Wyc+gj5f8pbWPkVfuRX6H4CmSe8opzSeWezajFOruvMCwHyaWQ==",
      "engines": {
        "node": ">=12"
      }
    },
    "node_modules/axios": {
      "version": "0.21.1",
      "resolved": "https://registry.npmjs.org/axios/-/axios-0.21.1.tgz",
      "integrity": "sha512-dKQiRHxGD9PPRIUNIWvZhPTPpl1rf/OxTYKsqKUDjBwYylTvV7SjSHJb9ratfyzM6wCdLCOYLzs73qpg5c4iGA==",
      "dependencies": {
        "follow-redirects": "^1.10.0"
      }
    },
    "node_modules/depd": {
      "version": "1.1.2",
      "resolved": "https://registry.npmjs.org/depd/-/depd-1.1.2.tgz",
      "integrity": "sha1-m81S4UwJd2PnSbJ0xDRu0uVgtak=",
      "engines": {
        "node": ">= 0.6"
      }
    },
    "node_modules/follow-redirects": {
      "version": "1.14.1",
      "resolved": "https://registry.npmjs.org/follow-redirects/-/follow-redirects-1.14.1.tgz",
      "integrity": "sha512-HWqDgT7ZEkqRzBvc2s64vSZ/hfOceEol3ac/7tKwzuvEyWx3/4UegXh5oBOIotkGsObyk3xznnSRVADBgWSQVg==",
      "funding": [
        {
          "type": "individual",
          "url": "https://github.com/sponsors/RubenVerborgh"
        }
      ],
      "engines": {
        "node": ">=4.0"
      },
      "peerDependenciesMeta": {
        "debug": {
          "optional": true
        }
      }
    },
    "node_modules/http-errors": {
      "version": "1.8.0",
      "resolved": "https://registry.npmjs.org/http-errors/-/http-errors-1.8.0.tgz",
      "integrity": "sha512-4I8r0C5JDhT5VkvI47QktDW75rNlGVsUf/8hzjCC/wkWI/jdTRmBb9aI7erSG82r1bjKY3F6k28WnsVxB1C73A==",
      "dependencies": {
        "depd": "~1.1.2",
        "inherits": "2.0.4",
        "setprototypeof": "1.2.0",
        "statuses": ">= 1.5.0 < 2",
        "toidentifier": "1.0.0"
      },
      "engines": {
        "node": ">= 0.6"
      }
    },
    "node_modules/inherits": {
      "version": "2.0.4",
      "resolved": "https://registry.npmjs.org/inherits/-/inherits-2.0.4.tgz",
      "integrity": "sha512-k/vGaX4/Yla3WzyMCvTQOXYeIHvqOKtnqBduzTHpzpQZzAskKMhZ2K+EnBiSM9zGSoIFeMpXKxa4dYeZIQqewQ=="
    },
    "node_modules/lodash": {
      "version": "4.17.21",
      "resolved": "https://registry.npmjs.org/lodash/-/lodash-4.17.21.tgz",
      "integrity": "sha512-v2kDEe57lecTulaDIuNTPy3Ry4gLGJ6Z1O3vE1krgXZNrsQ+LFTGHVxVjcXPs17LhbZVGedAJv8XZ1tvj5FvSg=="
    },
    "node_modules/midtrans-client": {
      "version": "1.2.4",
      "resolved": "https://registry.npmjs.org/midtrans-client/-/midtrans-client-1.2.4.tgz",
      "integrity": "sha512-VX75Ejp6jYrOkovBG+arZIxmn8iCipkp79Sepx2NTjsuPCtP0IZw0eKHd/xi9B/jVr+UsTx5KC5uWErThqTOHw==",
      "dependencies": {
        "axios": "^0.21.1",
        "lodash": "^4.17.21"
      }
    },
    "node_modules/node-fetch": {
      "version": "2.6.1",
      "resolved": "https://registry.npmjs.org/node-fetch/-/node-fetch-2.6.1.tgz",
      "integrity": "sha512-V4aYg89jEoVRxRb2fJdAg8FHvI7cEyYdVAh94HH0UIK8oJxUfkjlDQN9RbMx+bEjP7+ggMiFRprSti032Oipxw==",
      "dev": true,
      "engines": {
        "node": "4.x || >=6.0.0"
      }
    },
    "node_modules/setprototypeof": {
      "version": "1.2.0",
      "resolved": "https://registry.npmjs.org/setprototypeof/-/setprototypeof-1.2.0.tgz",
      "integrity": "sha512-E5LDX7Wrp85Kil5bhZv46j8jOeboKq5JMmYM3gVGdGH8xFpPWXUMsNrlODCrkoxMEeNi/XZIwuRvY4XNwYMJpw=="
    },
    "node_modules/statuses": {
      "version": "1.5.0",
      "resolved": "https://registry.npmjs.org/statuses/-/statuses-1.5.0.tgz",
      "integrity": "sha1-Fhx9rBd2Wf2YEfQ3cfqZOBR4Yow=",
      "engines": {
        "node": ">= 0.6"
      }
    },
    "node_modules/toidentifier": {
      "version": "1.0.0",
      "resolved": "https://registry.npmjs.org/toidentifier/-/toidentifier-1.0.0.tgz",
      "integrity": "sha512-yaOH/Pk/VEhBWWTlhI+qXxDFXlejDGcQipMlyxda9nthulaxLZUNcUqFxokp0vcYnvteJln5FNQDRrxj3YcbVw==",
      "engines": {
        "node": ">=0.6"
      }
    }
  },
  "dependencies": {
    "@middy/core": {
      "version": "2.4.3",
      "resolved": "https://registry.npmjs.org/@middy/core/-/core-2.4.3.tgz",
      "integrity": "sha512-RrFtUdTz4wslGykSObLXzY1yL8ZBD/joZ0TTMVet2y19L1enIqfXABp0bv+LcbGP1NJNw8a9tXSAXk8ZNBoOwQ=="
    },
    "@middy/http-error-handler": {
      "version": "2.4.3",
      "resolved": "https://registry.npmjs.org/@middy/http-error-handler/-/http-error-handler-2.4.3.tgz",
      "integrity": "sha512-0MDHBjsuT8oL/pC69HxrOwCl9xazrjG08L5GQFKJL5ly2xnLMV/FnLcCyYRsA2jNHFhx/CGyA9IfiIIyCEihDA==",
      "requires": {
        "@middy/util": "^2.4.3"
      }
    },
    "@middy/http-json-body-parser": {
      "version": "2.4.3",
      "resolved": "https://registry.npmjs.org/@middy/http-json-body-parser/-/http-json-body-parser-2.4.3.tgz",
      "integrity": "sha512-iqs5rXF2n/Y27H2h7FzPHJ0RzSvKiLu7mxR5VbMyDyDSMvSA73CpTk0ndfRvGBYjjfp+ZEaZeJWQi6ngj5Cmew==",
      "requires": {
        "@middy/util": "^2.4.3"
      }
    },
    "@middy/util": {
      "version": "2.4.3",
      "resolved": "https://registry.npmjs.org/@middy/util/-/util-2.4.3.tgz",
      "integrity": "sha512-OcKR73b9fZBWnE8XTTH7DkyPiyVu8oX+Sjr6Wyc+gj5f8pbWPkVfuRX6H4CmSe8opzSeWezajFOruvMCwHyaWQ=="
    },
    "axios": {
      "version": "0.21.1",
      "resolved": "https://registry.npmjs.org/axios/-/axios-0.21.1.tgz",
      "integrity": "sha512-dKQiRHxGD9PPRIUNIWvZhPTPpl1rf/OxTYKsqKUDjBwYylTvV7SjSHJb9ratfyzM6wCdLCOYLzs73qpg5c4iGA==",
      "requires": {
        "follow-redirects": "^1.10.0"
      }
    },
    "depd": {
      "version": "1.1.2",
      "resolved": "https://registry.npmjs.org/depd/-/depd-1.1.2.tgz",
      "integrity": "sha1-m81S4UwJd2PnSbJ0xDRu0uVgtak="
    },
    "follow-redirects": {
      "version": "1.14.1",
      "resolved": "https://registry.npmjs.org/follow-redirects/-/follow-redirects-1.14.1.tgz",
      "integrity": "sha512-HWqDgT7ZEkqRzBvc2s64vSZ/hfOceEol3ac/7tKwzuvEyWx3/4UegXh5oBOIotkGsObyk3xznnSRVADBgWSQVg=="
    },
    "http-errors": {
      "version": "1.8.0",
      "resolved": "https://registry.npmjs.org/http-errors/-/http-errors-1.8.0.tgz",
      "integrity": "sha512-4I8r0C5JDhT5VkvI47QktDW75rNlGVsUf/8hzjCC/wkWI/jdTRmBb9aI7erSG82r1bjKY3F6k28WnsVxB1C73A==",
      "requires": {
        "depd": "~1.1.2",
        "inherits": "2.0.4",
        "setprototypeof": "1.2.0",
        "statuses": ">= 1.5.0 < 2",
        "toidentifier": "1.0.0"
      }
    },
    "inherits": {
      "version": "2.0.4",
      "resolved": "https://registry.npmjs.org/inherits/-/inherits-2.0.4.tgz",
      "integrity": "sha512-k/vGaX4/Yla3WzyMCvTQOXYeIHvqOKtnqBduzTHpzpQZzAskKMhZ2K+EnBiSM9zGSoIFeMpXKxa4dYeZIQqewQ=="
    },
    "lodash": {
      "version": "4.17.21",
      "resolved": "https://registry.npmjs.org/lodash/-/lodash-4.17.21.tgz",
      "integrity": "sha512-v2kDEe57lecTulaDIuNTPy3Ry4gLGJ6Z1O3vE1krgXZNrsQ+LFTGHVxVjcXPs17LhbZVGedAJv8XZ1tvj5FvSg=="
    },
    "midtrans-client": {
      "version": "1.2.4",
      "resolved": "https://registry.npmjs.org/midtrans-client/-/midtrans-client-1.2.4.tgz",
      "integrity": "sha512-VX75Ejp6jYrOkovBG+arZIxmn8iCipkp79Sepx2NTjsuPCtP0IZw0eKHd/xi9B/jVr+UsTx5KC5uWErThqTOHw==",
      "requires": {
        "axios": "^0.21.1",
        "lodash": "^4.17.21"
      }
    },
    "node-fetch": {
      "version": "2.6.1",
      "resolved": "https://registry.npmjs.org/node-fetch/-/node-fetch-2.6.1.tgz",
      "integrity": "sha512-V4aYg89jEoVRxRb2fJdAg8FHvI7cEyYdVAh94HH0UIK8oJxUfkjlDQN9RbMx+bEjP7+ggMiFRprSti032Oipxw==",
      "dev": true
    },
    "setprototypeof": {
      "version": "1.2.0",
      "resolved": "https://registry.npmjs.org/setprototypeof/-/setprototypeof-1.2.0.tgz",
      "integrity": "sha512-E5LDX7Wrp85Kil5bhZv46j8jOeboKq5JMmYM3gVGdGH8xFpPWXUMsNrlODCrkoxMEeNi/XZIwuRvY4XNwYMJpw=="
    },
    "statuses": {
      "version": "1.5.0",
      "resolved": "https://registry.npmjs.org/statuses/-/statuses-1.5.0.tgz",
      "integrity": "sha1-Fhx9rBd2Wf2YEfQ3cfqZOBR4Yow="
    },
    "toidentifier": {
      "version": "1.0.0",
      "resolved": "https://registry.npmjs.org/toidentifier/-/toidentifier-1.0.0.tgz",
      "integrity": "sha512-yaOH/Pk/VEhBWWTlhI+qXxDFXlejDGcQipMlyxda9nthulaxLZUNcUqFxokp0vcYnvteJln5FNQDRrxj3YcbVw=="
    }
  }
}
